// !$*UTF8*$!
{
	archiveVersion = 1;
	classes = {
	};
	objectVersion = 56;
	objects = {

/* Begin PBXBuildFile section */
		921F424C2D0FEFD50025F49D /* NewContentView.swift in Sources */ = {isa = PBXBuildFile; fileRef = 921F424B2D0FEFD50025F49D /* NewContentView.swift */; };
		921F424E2D0FF0010025F49D /* NewCharactarView.swift in Sources */ = {isa = PBXBuildFile; fileRef = 921F424D2D0FF0010025F49D /* NewCharactarView.swift */; };
		921F42502D0FF01A0025F49D /* NewColumnView.swift in Sources */ = {isa = PBXBuildFile; fileRef = 921F424F2D0FF01A0025F49D /* NewColumnView.swift */; };
		921F42522D0FF03C0025F49D /* NewSettingView.swift in Sources */ = {isa = PBXBuildFile; fileRef = 921F42512D0FF03C0025F49D /* NewSettingView.swift */; };
		921F42542D0FF0650025F49D /* NewWritingView.swift in Sources */ = {isa = PBXBuildFile; fileRef = 921F42532D0FF0650025F49D /* NewWritingView.swift */; };
		922331D52CA1766D00E081B6 /* NotificationClass.swift in Sources */ = {isa = PBXBuildFile; fileRef = 922331D42CA1766D00E081B6 /* NotificationClass.swift */; };
		923BC75D2CAAE28200A4FA11 /* prologue 2.mp4 in Resources */ = {isa = PBXBuildFile; fileRef = 923BC75C2CAAE28200A4FA11 /* prologue 2.mp4 */; };
		9241FED12BA884CE004E507B /* Extensions.swift in Sources */ = {isa = PBXBuildFile; fileRef = 9241FED02BA884CE004E507B /* Extensions.swift */; };
		9241FED32BA9D123004E507B /* Structs.swift in Sources */ = {isa = PBXBuildFile; fileRef = 9241FED22BA9D123004E507B /* Structs.swift */; };
		924FB0B52C510C2900BB3391 /* LaunchScreen.swift in Sources */ = {isa = PBXBuildFile; fileRef = 924FB0B42C510C2900BB3391 /* LaunchScreen.swift */; };
		924FB0B72C51EEA000BB3391 /* SoundManager.swift in Sources */ = {isa = PBXBuildFile; fileRef = 924FB0B62C51EEA000BB3391 /* SoundManager.swift */; };
		924FB0D62C5E835D00BB3391 /* CalendarView.swift in Sources */ = {isa = PBXBuildFile; fileRef = 924FB0C02C5E835D00BB3391 /* CalendarView.swift */; };
		924FB0E92C5E839A00BB3391 /* LookBackView.swift in Sources */ = {isa = PBXBuildFile; fileRef = 924FB0E82C5E839A00BB3391 /* LookBackView.swift */; };
		924FB0EB2C5E83AF00BB3391 /* WritingAjiwaiCardView.swift in Sources */ = {isa = PBXBuildFile; fileRef = 924FB0EA2C5E83AF00BB3391 /* WritingAjiwaiCardView.swift */; };
		924FB0EF2C5E83D400BB3391 /* ChildHomeView.swift in Sources */ = {isa = PBXBuildFile; fileRef = 924FB0EE2C5E83D400BB3391 /* ChildHomeView.swift */; };
		924FB0F32C5E83E400BB3391 /* UIGIFImageView.swift in Sources */ = {isa = PBXBuildFile; fileRef = 924FB0F22C5E83E400BB3391 /* UIGIFImageView.swift */; };
		924FB0F72C5E83EF00BB3391 /* SettingView.swift in Sources */ = {isa = PBXBuildFile; fileRef = 924FB0F62C5E83EF00BB3391 /* SettingView.swift */; };
		924FB0F92C5E83F400BB3391 /* QrScannaerView.swift in Sources */ = {isa = PBXBuildFile; fileRef = 924FB0F82C5E83F400BB3391 /* QrScannaerView.swift */; };
		924FB0FD2C5E840200BB3391 /* FirstLoginView.swift in Sources */ = {isa = PBXBuildFile; fileRef = 924FB0FC2C5E840200BB3391 /* FirstLoginView.swift */; };
		924FB1032C5E840F00BB3391 /* CharacterSelectedView.swift in Sources */ = {isa = PBXBuildFile; fileRef = 924FB1022C5E840F00BB3391 /* CharacterSelectedView.swift */; };
		924FB1052C5E841600BB3391 /* StatusBarVIew.swift in Sources */ = {isa = PBXBuildFile; fileRef = 924FB1042C5E841600BB3391 /* StatusBarVIew.swift */; };
		924FB1072C5E841A00BB3391 /* ShopView.swift in Sources */ = {isa = PBXBuildFile; fileRef = 924FB1062C5E841A00BB3391 /* ShopView.swift */; };
		924FB1092C5E842B00BB3391 /* Assets.xcassets in Resources */ = {isa = PBXBuildFile; fileRef = 924FB1082C5E842B00BB3391 /* Assets.xcassets */; };
		924FB10B2C5E84B800BB3391 /* Preview Assets.xcassets in Resources */ = {isa = PBXBuildFile; fileRef = 924FB10A2C5E84B800BB3391 /* Preview Assets.xcassets */; };
		924FB10D2C5FA1E400BB3391 /* ExportData.swift in Sources */ = {isa = PBXBuildFile; fileRef = 924FB10C2C5FA1E400BB3391 /* ExportData.swift */; };
		924FB1212C6C783400BB3391 /* CharacterAnimationView.swift in Sources */ = {isa = PBXBuildFile; fileRef = 924FB1202C6C783400BB3391 /* CharacterAnimationView.swift */; };
		9252C2DD2C3C3F6300EB26FD /* ColumnListView.swift in Sources */ = {isa = PBXBuildFile; fileRef = 9252C2DC2C3C3F6300EB26FD /* ColumnListView.swift */; };
		9252F4182C2BAFD000A6A345 /* ColumnView.swift in Sources */ = {isa = PBXBuildFile; fileRef = 9252F4172C2BAFCF00A6A345 /* ColumnView.swift */; };
		92615B032B68BEBC0072AC98 /* RewardView.swift in Sources */ = {isa = PBXBuildFile; fileRef = 92615B002B68BEBC0072AC98 /* RewardView.swift */; };
		92615B072B68C1F10072AC98 /* UserData.swift in Sources */ = {isa = PBXBuildFile; fileRef = 92615B062B68C1F10072AC98 /* UserData.swift */; };
		9263A6152C81C9D000D9E58F /* se_fire.mp3 in Resources */ = {isa = PBXBuildFile; fileRef = 9263A6132C81C9D000D9E58F /* se_fire.mp3 */; };
		9263A6162C81C9D000D9E58F /* se_door.mp3 in Resources */ = {isa = PBXBuildFile; fileRef = 9263A6142C81C9D000D9E58F /* se_door.mp3 */; };
		9263A6192C85EDA700D9E58F /* bgm_home.mp3 in Resources */ = {isa = PBXBuildFile; fileRef = 9263A6182C85EDA700D9E58F /* bgm_home.mp3 */; };
		9264F7512D16A2CA00465BB9 /* NewLogDetailView.swift in Sources */ = {isa = PBXBuildFile; fileRef = 9264F7502D16A2CA00465BB9 /* NewLogDetailView.swift */; };
		927950CF2C7C08A30016C77D /* se_negative.mp3 in Resources */ = {isa = PBXBuildFile; fileRef = 927950CD2C7C08A30016C77D /* se_negative.mp3 */; };
		927950D02C7C08A30016C77D /* se_positive.mp3 in Resources */ = {isa = PBXBuildFile; fileRef = 927950CE2C7C08A30016C77D /* se_positive.mp3 */; };
		927950D42C7CC46B0016C77D /* TutorialView.swift in Sources */ = {isa = PBXBuildFile; fileRef = 927950D32C7CC46B0016C77D /* TutorialView.swift */; };
		927DD5652D3F76C0005296EE /* SwiftyGif in Frameworks */ = {isa = PBXBuildFile; productRef = 927DD5642D3F76C0005296EE /* SwiftyGif */; };
		927DD56A2D3F76D9005296EE /* CodeScanner in Frameworks */ = {isa = PBXBuildFile; productRef = 927DD5692D3F76D9005296EE /* CodeScanner */; };
		927DD56D2D3F76FA005296EE /* ConfettiSwiftUI in Frameworks */ = {isa = PBXBuildFile; productRef = 927DD56C2D3F76FA005296EE /* ConfettiSwiftUI */; };
		9281D8382C1ABBB600263877 /* GoogleSheetAPI.swift in Sources */ = {isa = PBXBuildFile; fileRef = 9281D8372C1ABBB600263877 /* GoogleSheetAPI.swift */; };
		92A2A0CA2C0C5C73005C4998 /* PDFGenerater.swift in Sources */ = {isa = PBXBuildFile; fileRef = 92A2A0C92C0C5C73005C4998 /* PDFGenerater.swift */; };
		92BE0D662B2BFCF200CA50A8 /* LogmealApp.swift in Sources */ = {isa = PBXBuildFile; fileRef = 92BE0D652B2BFCF200CA50A8 /* LogmealApp.swift */; };
		92BE0D682B2BFCF200CA50A8 /* ContentView.swift in Sources */ = {isa = PBXBuildFile; fileRef = 92BE0D672B2BFCF200CA50A8 /* ContentView.swift */; };
		92DB8B052BEB4BBA001D3A1E /* CharacterView.swift in Sources */ = {isa = PBXBuildFile; fileRef = 92DB8B042BEB4BBA001D3A1E /* CharacterView.swift */; };
		92DB8B322BF227B3001D3A1E /* ShareSheetView.swift in Sources */ = {isa = PBXBuildFile; fileRef = 92DB8B312BF227B3001D3A1E /* ShareSheetView.swift */; };
		92EE828A2C74C1AD00080109 /* README_GenJyuu.txt in Resources */ = {isa = PBXBuildFile; fileRef = 92EE82882C74C1AD00080109 /* README_GenJyuu.txt */; };
		92EE828B2C74C1AD00080109 /* SIL_Open_Font_License_1.1.txt in Resources */ = {isa = PBXBuildFile; fileRef = 92EE82892C74C1AD00080109 /* SIL_Open_Font_License_1.1.txt */; };
		92EE828D2C74C1BD00080109 /* GenJyuuGothicX-Bold.ttf in Resources */ = {isa = PBXBuildFile; fileRef = 92EE828C2C74C1BD00080109 /* GenJyuuGothicX-Bold.ttf */; };
		92FD5B252CFDAA1D0064AC10 /* NewHomeView.swift in Sources */ = {isa = PBXBuildFile; fileRef = 92FD5B242CFDAA1D0064AC10 /* NewHomeView.swift */; };
/* End PBXBuildFile section */

/* Begin PBXFileReference section */
		921F424B2D0FEFD50025F49D /* NewContentView.swift */ = {isa = PBXFileReference; lastKnownFileType = sourcecode.swift; path = NewContentView.swift; sourceTree = "<group>"; };
		921F424D2D0FF0010025F49D /* NewCharactarView.swift */ = {isa = PBXFileReference; lastKnownFileType = sourcecode.swift; path = NewCharactarView.swift; sourceTree = "<group>"; };
		921F424F2D0FF01A0025F49D /* NewColumnView.swift */ = {isa = PBXFileReference; lastKnownFileType = sourcecode.swift; path = NewColumnView.swift; sourceTree = "<group>"; };
		921F42512D0FF03C0025F49D /* NewSettingView.swift */ = {isa = PBXFileReference; lastKnownFileType = sourcecode.swift; path = NewSettingView.swift; sourceTree = "<group>"; };
		921F42532D0FF0650025F49D /* NewWritingView.swift */ = {isa = PBXFileReference; lastKnownFileType = sourcecode.swift; path = NewWritingView.swift; sourceTree = "<group>"; };
		922331D42CA1766D00E081B6 /* NotificationClass.swift */ = {isa = PBXFileReference; lastKnownFileType = sourcecode.swift; path = NotificationClass.swift; sourceTree = "<group>"; };
		923BC75C2CAAE28200A4FA11 /* prologue 2.mp4 */ = {isa = PBXFileReference; lastKnownFileType = file; path = "prologue 2.mp4"; sourceTree = "<group>"; };
		9241FED02BA884CE004E507B /* Extensions.swift */ = {isa = PBXFileReference; lastKnownFileType = sourcecode.swift; path = Extensions.swift; sourceTree = "<group>"; };
		9241FED22BA9D123004E507B /* Structs.swift */ = {isa = PBXFileReference; lastKnownFileType = sourcecode.swift; path = Structs.swift; sourceTree = "<group>"; };
		924FB0B42C510C2900BB3391 /* LaunchScreen.swift */ = {isa = PBXFileReference; lastKnownFileType = sourcecode.swift; path = LaunchScreen.swift; sourceTree = "<group>"; };
		924FB0B62C51EEA000BB3391 /* SoundManager.swift */ = {isa = PBXFileReference; lastKnownFileType = sourcecode.swift; path = SoundManager.swift; sourceTree = "<group>"; };
		924FB0C02C5E835D00BB3391 /* CalendarView.swift */ = {isa = PBXFileReference; fileEncoding = 4; lastKnownFileType = sourcecode.swift; path = CalendarView.swift; sourceTree = "<group>"; };
		924FB0E82C5E839A00BB3391 /* LookBackView.swift */ = {isa = PBXFileReference; fileEncoding = 4; lastKnownFileType = sourcecode.swift; path = LookBackView.swift; sourceTree = "<group>"; };
		924FB0EA2C5E83AF00BB3391 /* WritingAjiwaiCardView.swift */ = {isa = PBXFileReference; fileEncoding = 4; lastKnownFileType = sourcecode.swift; path = WritingAjiwaiCardView.swift; sourceTree = "<group>"; };
		924FB0EE2C5E83D400BB3391 /* ChildHomeView.swift */ = {isa = PBXFileReference; fileEncoding = 4; lastKnownFileType = sourcecode.swift; path = ChildHomeView.swift; sourceTree = "<group>"; };
		924FB0F22C5E83E400BB3391 /* UIGIFImageView.swift */ = {isa = PBXFileReference; fileEncoding = 4; lastKnownFileType = sourcecode.swift; path = UIGIFImageView.swift; sourceTree = "<group>"; };
		924FB0F62C5E83EF00BB3391 /* SettingView.swift */ = {isa = PBXFileReference; fileEncoding = 4; lastKnownFileType = sourcecode.swift; path = SettingView.swift; sourceTree = "<group>"; };
		924FB0F82C5E83F400BB3391 /* QrScannaerView.swift */ = {isa = PBXFileReference; fileEncoding = 4; lastKnownFileType = sourcecode.swift; path = QrScannaerView.swift; sourceTree = "<group>"; };
		924FB0FC2C5E840200BB3391 /* FirstLoginView.swift */ = {isa = PBXFileReference; fileEncoding = 4; lastKnownFileType = sourcecode.swift; path = FirstLoginView.swift; sourceTree = "<group>"; };
		924FB1022C5E840F00BB3391 /* CharacterSelectedView.swift */ = {isa = PBXFileReference; fileEncoding = 4; lastKnownFileType = sourcecode.swift; path = CharacterSelectedView.swift; sourceTree = "<group>"; };
		924FB1042C5E841600BB3391 /* StatusBarVIew.swift */ = {isa = PBXFileReference; fileEncoding = 4; lastKnownFileType = sourcecode.swift; path = StatusBarVIew.swift; sourceTree = "<group>"; };
		924FB1062C5E841A00BB3391 /* ShopView.swift */ = {isa = PBXFileReference; fileEncoding = 4; lastKnownFileType = sourcecode.swift; path = ShopView.swift; sourceTree = "<group>"; };
		924FB1082C5E842B00BB3391 /* Assets.xcassets */ = {isa = PBXFileReference; lastKnownFileType = folder.assetcatalog; path = Assets.xcassets; sourceTree = "<group>"; };
		924FB10A2C5E84B800BB3391 /* Preview Assets.xcassets */ = {isa = PBXFileReference; lastKnownFileType = folder.assetcatalog; path = "Preview Assets.xcassets"; sourceTree = "<group>"; };
		924FB10C2C5FA1E400BB3391 /* ExportData.swift */ = {isa = PBXFileReference; lastKnownFileType = sourcecode.swift; path = ExportData.swift; sourceTree = "<group>"; };
		924FB1202C6C783400BB3391 /* CharacterAnimationView.swift */ = {isa = PBXFileReference; lastKnownFileType = sourcecode.swift; path = CharacterAnimationView.swift; sourceTree = "<group>"; };
		9252C2DC2C3C3F6300EB26FD /* ColumnListView.swift */ = {isa = PBXFileReference; lastKnownFileType = sourcecode.swift; path = ColumnListView.swift; sourceTree = "<group>"; };
		9252F4172C2BAFCF00A6A345 /* ColumnView.swift */ = {isa = PBXFileReference; lastKnownFileType = sourcecode.swift; name = ColumnView.swift; path = ../ColumnView.swift; sourceTree = "<group>"; };
		92615B002B68BEBC0072AC98 /* RewardView.swift */ = {isa = PBXFileReference; fileEncoding = 4; lastKnownFileType = sourcecode.swift; path = RewardView.swift; sourceTree = "<group>"; };
		92615B062B68C1F10072AC98 /* UserData.swift */ = {isa = PBXFileReference; lastKnownFileType = sourcecode.swift; path = UserData.swift; sourceTree = "<group>"; };
		9263A6132C81C9D000D9E58F /* se_fire.mp3 */ = {isa = PBXFileReference; lastKnownFileType = audio.mp3; path = se_fire.mp3; sourceTree = "<group>"; };
		9263A6142C81C9D000D9E58F /* se_door.mp3 */ = {isa = PBXFileReference; lastKnownFileType = audio.mp3; path = se_door.mp3; sourceTree = "<group>"; };
		9263A6182C85EDA700D9E58F /* bgm_home.mp3 */ = {isa = PBXFileReference; lastKnownFileType = audio.mp3; path = bgm_home.mp3; sourceTree = "<group>"; };
		9264F7502D16A2CA00465BB9 /* NewLogDetailView.swift */ = {isa = PBXFileReference; lastKnownFileType = sourcecode.swift; path = NewLogDetailView.swift; sourceTree = "<group>"; };
		927950CD2C7C08A30016C77D /* se_negative.mp3 */ = {isa = PBXFileReference; lastKnownFileType = audio.mp3; path = se_negative.mp3; sourceTree = "<group>"; };
		927950CE2C7C08A30016C77D /* se_positive.mp3 */ = {isa = PBXFileReference; lastKnownFileType = audio.mp3; path = se_positive.mp3; sourceTree = "<group>"; };
		927950D32C7CC46B0016C77D /* TutorialView.swift */ = {isa = PBXFileReference; lastKnownFileType = sourcecode.swift; path = TutorialView.swift; sourceTree = "<group>"; };
		9281D8372C1ABBB600263877 /* GoogleSheetAPI.swift */ = {isa = PBXFileReference; lastKnownFileType = sourcecode.swift; path = GoogleSheetAPI.swift; sourceTree = "<group>"; };
		92A2A0C92C0C5C73005C4998 /* PDFGenerater.swift */ = {isa = PBXFileReference; lastKnownFileType = sourcecode.swift; path = PDFGenerater.swift; sourceTree = "<group>"; };
		92BE0D622B2BFCF200CA50A8 /* LogmealApp.app */ = {isa = PBXFileReference; explicitFileType = wrapper.application; includeInIndex = 0; path = LogmealApp.app; sourceTree = BUILT_PRODUCTS_DIR; };
		92BE0D652B2BFCF200CA50A8 /* LogmealApp.swift */ = {isa = PBXFileReference; lastKnownFileType = sourcecode.swift; path = LogmealApp.swift; sourceTree = "<group>"; };
		92BE0D672B2BFCF200CA50A8 /* ContentView.swift */ = {isa = PBXFileReference; lastKnownFileType = sourcecode.swift; path = ContentView.swift; sourceTree = "<group>"; };
		92DB8B042BEB4BBA001D3A1E /* CharacterView.swift */ = {isa = PBXFileReference; lastKnownFileType = sourcecode.swift; path = CharacterView.swift; sourceTree = "<group>"; };
		92DB8B312BF227B3001D3A1E /* ShareSheetView.swift */ = {isa = PBXFileReference; lastKnownFileType = sourcecode.swift; name = ShareSheetView.swift; path = ../ShareSheetView.swift; sourceTree = "<group>"; };
		92EE82882C74C1AD00080109 /* README_GenJyuu.txt */ = {isa = PBXFileReference; fileEncoding = 4; lastKnownFileType = text; path = README_GenJyuu.txt; sourceTree = "<group>"; };
		92EE82892C74C1AD00080109 /* SIL_Open_Font_License_1.1.txt */ = {isa = PBXFileReference; fileEncoding = 4; lastKnownFileType = text; path = SIL_Open_Font_License_1.1.txt; sourceTree = "<group>"; };
		92EE828C2C74C1BD00080109 /* GenJyuuGothicX-Bold.ttf */ = {isa = PBXFileReference; lastKnownFileType = file; path = "GenJyuuGothicX-Bold.ttf"; sourceTree = "<group>"; };
		92FD5B242CFDAA1D0064AC10 /* NewHomeView.swift */ = {isa = PBXFileReference; lastKnownFileType = sourcecode.swift; path = NewHomeView.swift; sourceTree = "<group>"; };
/* End PBXFileReference section */

/* Begin PBXFrameworksBuildPhase section */
		92BE0D5F2B2BFCF200CA50A8 /* Frameworks */ = {
			isa = PBXFrameworksBuildPhase;
			buildActionMask = 2147483647;
			files = (
				927DD56D2D3F76FA005296EE /* ConfettiSwiftUI in Frameworks */,
				927DD56A2D3F76D9005296EE /* CodeScanner in Frameworks */,
				927DD5652D3F76C0005296EE /* SwiftyGif in Frameworks */,
			);
			runOnlyForDeploymentPostprocessing = 0;
		};
/* End PBXFrameworksBuildPhase section */

/* Begin PBXGroup section */
		927950C92C7C084B0016C77D /* Sounds */ = {
			isa = PBXGroup;
			children = (
				9263A6142C81C9D000D9E58F /* se_door.mp3 */,
				9263A6182C85EDA700D9E58F /* bgm_home.mp3 */,
				9263A6132C81C9D000D9E58F /* se_fire.mp3 */,
				927950CD2C7C08A30016C77D /* se_negative.mp3 */,
				927950CE2C7C08A30016C77D /* se_positive.mp3 */,
			);
			path = Sounds;
			sourceTree = "<group>";
		};
		92BE0D592B2BFCF200CA50A8 = {
			isa = PBXGroup;
			children = (
				92BE0D642B2BFCF200CA50A8 /* LogmealApp */,
				92BE0D632B2BFCF200CA50A8 /* Products */,
			);
			sourceTree = "<group>";
		};
		92BE0D632B2BFCF200CA50A8 /* Products */ = {
			isa = PBXGroup;
			children = (
				92BE0D622B2BFCF200CA50A8 /* LogmealApp.app */,
			);
			name = Products;
			sourceTree = "<group>";
		};
		92BE0D642B2BFCF200CA50A8 /* LogmealApp */ = {
			isa = PBXGroup;
			children = (
				923BC75C2CAAE28200A4FA11 /* prologue 2.mp4 */,
				924FB0C02C5E835D00BB3391 /* CalendarView.swift */,
				924FB1202C6C783400BB3391 /* CharacterAnimationView.swift */,
				924FB1022C5E840F00BB3391 /* CharacterSelectedView.swift */,
				92DB8B042BEB4BBA001D3A1E /* CharacterView.swift */,
				924FB0EE2C5E83D400BB3391 /* ChildHomeView.swift */,
				9252C2DC2C3C3F6300EB26FD /* ColumnListView.swift */,
				9252F4172C2BAFCF00A6A345 /* ColumnView.swift */,
				92BE0D672B2BFCF200CA50A8 /* ContentView.swift */,
				924FB10C2C5FA1E400BB3391 /* ExportData.swift */,
				9241FED02BA884CE004E507B /* Extensions.swift */,
				924FB0FC2C5E840200BB3391 /* FirstLoginView.swift */,
				9281D8372C1ABBB600263877 /* GoogleSheetAPI.swift */,
				924FB0B42C510C2900BB3391 /* LaunchScreen.swift */,
				92BE0D652B2BFCF200CA50A8 /* LogmealApp.swift */,
				924FB0E82C5E839A00BB3391 /* LookBackView.swift */,
				92FD5B242CFDAA1D0064AC10 /* NewHomeView.swift */,
				921F424B2D0FEFD50025F49D /* NewContentView.swift */,
				9264F7502D16A2CA00465BB9 /* NewLogDetailView.swift */,
				921F424D2D0FF0010025F49D /* NewCharactarView.swift */,
				921F424F2D0FF01A0025F49D /* NewColumnView.swift */,
				921F42512D0FF03C0025F49D /* NewSettingView.swift */,
				921F42532D0FF0650025F49D /* NewWritingView.swift */,
				922331D42CA1766D00E081B6 /* NotificationClass.swift */,
				92A2A0C92C0C5C73005C4998 /* PDFGenerater.swift */,
				924FB0F82C5E83F400BB3391 /* QrScannaerView.swift */,
				92615B002B68BEBC0072AC98 /* RewardView.swift */,
				924FB0F62C5E83EF00BB3391 /* SettingView.swift */,
				92DB8B312BF227B3001D3A1E /* ShareSheetView.swift */,
				924FB1062C5E841A00BB3391 /* ShopView.swift */,
				924FB0B62C51EEA000BB3391 /* SoundManager.swift */,
				924FB1042C5E841600BB3391 /* StatusBarVIew.swift */,
				9241FED22BA9D123004E507B /* Structs.swift */,
				927950D32C7CC46B0016C77D /* TutorialView.swift */,
				924FB0F22C5E83E400BB3391 /* UIGIFImageView.swift */,
				92615B062B68C1F10072AC98 /* UserData.swift */,
				924FB0EA2C5E83AF00BB3391 /* WritingAjiwaiCardView.swift */,
				92EE828C2C74C1BD00080109 /* GenJyuuGothicX-Bold.ttf */,
				92EE82882C74C1AD00080109 /* README_GenJyuu.txt */,
				92EE82892C74C1AD00080109 /* SIL_Open_Font_License_1.1.txt */,
				924FB1082C5E842B00BB3391 /* Assets.xcassets */,
				92BE0D6B2B2BFCF300CA50A8 /* Preview Content */,
				927950C92C7C084B0016C77D /* Sounds */,
			);
			path = LogmealApp;
			sourceTree = "<group>";
		};
		92BE0D6B2B2BFCF300CA50A8 /* Preview Content */ = {
			isa = PBXGroup;
			children = (
				924FB10A2C5E84B800BB3391 /* Preview Assets.xcassets */,
			);
			path = "Preview Content";
			sourceTree = "<group>";
		};
/* End PBXGroup section */

/* Begin PBXNativeTarget section */
		92BE0D612B2BFCF200CA50A8 /* LogmealApp */ = {
			isa = PBXNativeTarget;
			buildConfigurationList = 92BE0D702B2BFCF300CA50A8 /* Build configuration list for PBXNativeTarget "LogmealApp" */;
			buildPhases = (
				92BE0D5E2B2BFCF200CA50A8 /* Sources */,
				92BE0D5F2B2BFCF200CA50A8 /* Frameworks */,
				92BE0D602B2BFCF200CA50A8 /* Resources */,
			);
			buildRules = (
			);
			dependencies = (
			);
			name = LogmealApp;
			packageProductDependencies = (
				927DD5642D3F76C0005296EE /* SwiftyGif */,
				927DD5692D3F76D9005296EE /* CodeScanner */,
				927DD56C2D3F76FA005296EE /* ConfettiSwiftUI */,
			);
			productName = Gohan_Navigation_ver.1;
			productReference = 92BE0D622B2BFCF200CA50A8 /* LogmealApp.app */;
			productType = "com.apple.product-type.application";
		};
/* End PBXNativeTarget section */

/* Begin PBXProject section */
		92BE0D5A2B2BFCF200CA50A8 /* Project object */ = {
			isa = PBXProject;
			attributes = {
				BuildIndependentTargetsInParallel = 1;
				LastSwiftUpdateCheck = 1500;
				LastUpgradeCheck = 1500;
				TargetAttributes = {
					92BE0D612B2BFCF200CA50A8 = {
						CreatedOnToolsVersion = 15.0.1;
					};
				};
			};
			buildConfigurationList = 92BE0D5D2B2BFCF200CA50A8 /* Build configuration list for PBXProject "LogmealApp" */;
			compatibilityVersion = "Xcode 14.0";
			developmentRegion = ja;
			hasScannedForEncodings = 0;
			knownRegions = (
				Base,
				ja,
			);
			mainGroup = 92BE0D592B2BFCF200CA50A8;
			packageReferences = (
				927DD5632D3F76C0005296EE /* XCRemoteSwiftPackageReference "SwiftyGif" */,
				927DD5682D3F76D9005296EE /* XCRemoteSwiftPackageReference "CodeScanner" */,
				927DD56B2D3F76FA005296EE /* XCRemoteSwiftPackageReference "ConfettiSwiftUI" */,
			);
			productRefGroup = 92BE0D632B2BFCF200CA50A8 /* Products */;
			projectDirPath = "";
			projectRoot = "";
			targets = (
				92BE0D612B2BFCF200CA50A8 /* LogmealApp */,
			);
		};
/* End PBXProject section */

/* Begin PBXResourcesBuildPhase section */
		92BE0D602B2BFCF200CA50A8 /* Resources */ = {
			isa = PBXResourcesBuildPhase;
			buildActionMask = 2147483647;
			files = (
				923BC75D2CAAE28200A4FA11 /* prologue 2.mp4 in Resources */,
				927950CF2C7C08A30016C77D /* se_negative.mp3 in Resources */,
				9263A6162C81C9D000D9E58F /* se_door.mp3 in Resources */,
				92EE828A2C74C1AD00080109 /* README_GenJyuu.txt in Resources */,
				92EE828B2C74C1AD00080109 /* SIL_Open_Font_License_1.1.txt in Resources */,
				9263A6192C85EDA700D9E58F /* bgm_home.mp3 in Resources */,
				924FB10B2C5E84B800BB3391 /* Preview Assets.xcassets in Resources */,
				924FB1092C5E842B00BB3391 /* Assets.xcassets in Resources */,
				92EE828D2C74C1BD00080109 /* GenJyuuGothicX-Bold.ttf in Resources */,
				9263A6152C81C9D000D9E58F /* se_fire.mp3 in Resources */,
				927950D02C7C08A30016C77D /* se_positive.mp3 in Resources */,
			);
			runOnlyForDeploymentPostprocessing = 0;
		};
/* End PBXResourcesBuildPhase section */

/* Begin PBXSourcesBuildPhase section */
		92BE0D5E2B2BFCF200CA50A8 /* Sources */ = {
			isa = PBXSourcesBuildPhase;
			buildActionMask = 2147483647;
			files = (
				924FB0F32C5E83E400BB3391 /* UIGIFImageView.swift in Sources */,
				924FB0F92C5E83F400BB3391 /* QrScannaerView.swift in Sources */,
				92615B032B68BEBC0072AC98 /* RewardView.swift in Sources */,
				9252C2DD2C3C3F6300EB26FD /* ColumnListView.swift in Sources */,
				927950D42C7CC46B0016C77D /* TutorialView.swift in Sources */,
				92615B072B68C1F10072AC98 /* UserData.swift in Sources */,
				924FB0F72C5E83EF00BB3391 /* SettingView.swift in Sources */,
				921F42542D0FF0650025F49D /* NewWritingView.swift in Sources */,
				924FB1052C5E841600BB3391 /* StatusBarVIew.swift in Sources */,
				924FB0EB2C5E83AF00BB3391 /* WritingAjiwaiCardView.swift in Sources */,
				924FB0B52C510C2900BB3391 /* LaunchScreen.swift in Sources */,
				924FB0E92C5E839A00BB3391 /* LookBackView.swift in Sources */,
				924FB10D2C5FA1E400BB3391 /* ExportData.swift in Sources */,
				92BE0D682B2BFCF200CA50A8 /* ContentView.swift in Sources */,
				921F42502D0FF01A0025F49D /* NewColumnView.swift in Sources */,
				92A2A0CA2C0C5C73005C4998 /* PDFGenerater.swift in Sources */,
				92FD5B252CFDAA1D0064AC10 /* NewHomeView.swift in Sources */,
				9281D8382C1ABBB600263877 /* GoogleSheetAPI.swift in Sources */,
				924FB0D62C5E835D00BB3391 /* CalendarView.swift in Sources */,
				9241FED12BA884CE004E507B /* Extensions.swift in Sources */,
				92DB8B322BF227B3001D3A1E /* ShareSheetView.swift in Sources */,
				9241FED32BA9D123004E507B /* Structs.swift in Sources */,
				924FB0EF2C5E83D400BB3391 /* ChildHomeView.swift in Sources */,
				924FB1072C5E841A00BB3391 /* ShopView.swift in Sources */,
				9252F4182C2BAFD000A6A345 /* ColumnView.swift in Sources */,
				921F424C2D0FEFD50025F49D /* NewContentView.swift in Sources */,
				922331D52CA1766D00E081B6 /* NotificationClass.swift in Sources */,
				924FB0FD2C5E840200BB3391 /* FirstLoginView.swift in Sources */,
				92DB8B052BEB4BBA001D3A1E /* CharacterView.swift in Sources */,
				924FB0B72C51EEA000BB3391 /* SoundManager.swift in Sources */,
				92BE0D662B2BFCF200CA50A8 /* LogmealApp.swift in Sources */,
				9264F7512D16A2CA00465BB9 /* NewLogDetailView.swift in Sources */,
				924FB1212C6C783400BB3391 /* CharacterAnimationView.swift in Sources */,
				924FB1032C5E840F00BB3391 /* CharacterSelectedView.swift in Sources */,
				921F42522D0FF03C0025F49D /* NewSettingView.swift in Sources */,
				921F424E2D0FF0010025F49D /* NewCharactarView.swift in Sources */,
			);
			runOnlyForDeploymentPostprocessing = 0;
		};
/* End PBXSourcesBuildPhase section */

/* Begin XCBuildConfiguration section */
		92BE0D6E2B2BFCF300CA50A8 /* Debug */ = {
			isa = XCBuildConfiguration;
			buildSettings = {
				ALWAYS_SEARCH_USER_PATHS = NO;
				ASSETCATALOG_COMPILER_GENERATE_SWIFT_ASSET_SYMBOL_EXTENSIONS = YES;
				CLANG_ANALYZER_NONNULL = YES;
				CLANG_ANALYZER_NUMBER_OBJECT_CONVERSION = YES_AGGRESSIVE;
				CLANG_CXX_LANGUAGE_STANDARD = "gnu++20";
				CLANG_ENABLE_MODULES = YES;
				CLANG_ENABLE_OBJC_ARC = YES;
				CLANG_ENABLE_OBJC_WEAK = YES;
				CLANG_WARN_BLOCK_CAPTURE_AUTORELEASING = YES;
				CLANG_WARN_BOOL_CONVERSION = YES;
				CLANG_WARN_COMMA = YES;
				CLANG_WARN_CONSTANT_CONVERSION = YES;
				CLANG_WARN_DEPRECATED_OBJC_IMPLEMENTATIONS = YES;
				CLANG_WARN_DIRECT_OBJC_ISA_USAGE = YES_ERROR;
				CLANG_WARN_DOCUMENTATION_COMMENTS = YES;
				CLANG_WARN_EMPTY_BODY = YES;
				CLANG_WARN_ENUM_CONVERSION = YES;
				CLANG_WARN_INFINITE_RECURSION = YES;
				CLANG_WARN_INT_CONVERSION = YES;
				CLANG_WARN_NON_LITERAL_NULL_CONVERSION = YES;
				CLANG_WARN_OBJC_IMPLICIT_RETAIN_SELF = YES;
				CLANG_WARN_OBJC_LITERAL_CONVERSION = YES;
				CLANG_WARN_OBJC_ROOT_CLASS = YES_ERROR;
				CLANG_WARN_QUOTED_INCLUDE_IN_FRAMEWORK_HEADER = YES;
				CLANG_WARN_RANGE_LOOP_ANALYSIS = YES;
				CLANG_WARN_STRICT_PROTOTYPES = YES;
				CLANG_WARN_SUSPICIOUS_MOVE = YES;
				CLANG_WARN_UNGUARDED_AVAILABILITY = YES_AGGRESSIVE;
				CLANG_WARN_UNREACHABLE_CODE = YES;
				CLANG_WARN__DUPLICATE_METHOD_MATCH = YES;
				COPY_PHASE_STRIP = NO;
				DEBUG_INFORMATION_FORMAT = dwarf;
				ENABLE_STRICT_OBJC_MSGSEND = YES;
				ENABLE_TESTABILITY = YES;
				ENABLE_USER_SCRIPT_SANDBOXING = YES;
				GCC_C_LANGUAGE_STANDARD = gnu17;
				GCC_DYNAMIC_NO_PIC = NO;
				GCC_NO_COMMON_BLOCKS = YES;
				GCC_OPTIMIZATION_LEVEL = 0;
				GCC_PREPROCESSOR_DEFINITIONS = (
					"DEBUG=1",
					"$(inherited)",
				);
				GCC_WARN_64_TO_32_BIT_CONVERSION = YES;
				GCC_WARN_ABOUT_RETURN_TYPE = YES_ERROR;
				GCC_WARN_UNDECLARED_SELECTOR = YES;
				GCC_WARN_UNINITIALIZED_AUTOS = YES_AGGRESSIVE;
				GCC_WARN_UNUSED_FUNCTION = YES;
				GCC_WARN_UNUSED_VARIABLE = YES;
				IPHONEOS_DEPLOYMENT_TARGET = 17.0;
				LOCALIZATION_PREFERS_STRING_CATALOGS = YES;
				MTL_ENABLE_DEBUG_INFO = INCLUDE_SOURCE;
				MTL_FAST_MATH = YES;
				ONLY_ACTIVE_ARCH = YES;
				SDKROOT = iphoneos;
				SWIFT_ACTIVE_COMPILATION_CONDITIONS = "DEBUG $(inherited)";
				SWIFT_OPTIMIZATION_LEVEL = "-Onone";
			};
			name = Debug;
		};
		92BE0D6F2B2BFCF300CA50A8 /* Release */ = {
			isa = XCBuildConfiguration;
			buildSettings = {
				ALWAYS_SEARCH_USER_PATHS = NO;
				ASSETCATALOG_COMPILER_GENERATE_SWIFT_ASSET_SYMBOL_EXTENSIONS = YES;
				CLANG_ANALYZER_NONNULL = YES;
				CLANG_ANALYZER_NUMBER_OBJECT_CONVERSION = YES_AGGRESSIVE;
				CLANG_CXX_LANGUAGE_STANDARD = "gnu++20";
				CLANG_ENABLE_MODULES = YES;
				CLANG_ENABLE_OBJC_ARC = YES;
				CLANG_ENABLE_OBJC_WEAK = YES;
				CLANG_WARN_BLOCK_CAPTURE_AUTORELEASING = YES;
				CLANG_WARN_BOOL_CONVERSION = YES;
				CLANG_WARN_COMMA = YES;
				CLANG_WARN_CONSTANT_CONVERSION = YES;
				CLANG_WARN_DEPRECATED_OBJC_IMPLEMENTATIONS = YES;
				CLANG_WARN_DIRECT_OBJC_ISA_USAGE = YES_ERROR;
				CLANG_WARN_DOCUMENTATION_COMMENTS = YES;
				CLANG_WARN_EMPTY_BODY = YES;
				CLANG_WARN_ENUM_CONVERSION = YES;
				CLANG_WARN_INFINITE_RECURSION = YES;
				CLANG_WARN_INT_CONVERSION = YES;
				CLANG_WARN_NON_LITERAL_NULL_CONVERSION = YES;
				CLANG_WARN_OBJC_IMPLICIT_RETAIN_SELF = YES;
				CLANG_WARN_OBJC_LITERAL_CONVERSION = YES;
				CLANG_WARN_OBJC_ROOT_CLASS = YES_ERROR;
				CLANG_WARN_QUOTED_INCLUDE_IN_FRAMEWORK_HEADER = YES;
				CLANG_WARN_RANGE_LOOP_ANALYSIS = YES;
				CLANG_WARN_STRICT_PROTOTYPES = YES;
				CLANG_WARN_SUSPICIOUS_MOVE = YES;
				CLANG_WARN_UNGUARDED_AVAILABILITY = YES_AGGRESSIVE;
				CLANG_WARN_UNREACHABLE_CODE = YES;
				CLANG_WARN__DUPLICATE_METHOD_MATCH = YES;
				COPY_PHASE_STRIP = NO;
				DEBUG_INFORMATION_FORMAT = "dwarf-with-dsym";
				ENABLE_NS_ASSERTIONS = NO;
				ENABLE_STRICT_OBJC_MSGSEND = YES;
				ENABLE_USER_SCRIPT_SANDBOXING = YES;
				GCC_C_LANGUAGE_STANDARD = gnu17;
				GCC_NO_COMMON_BLOCKS = YES;
				GCC_WARN_64_TO_32_BIT_CONVERSION = YES;
				GCC_WARN_ABOUT_RETURN_TYPE = YES_ERROR;
				GCC_WARN_UNDECLARED_SELECTOR = YES;
				GCC_WARN_UNINITIALIZED_AUTOS = YES_AGGRESSIVE;
				GCC_WARN_UNUSED_FUNCTION = YES;
				GCC_WARN_UNUSED_VARIABLE = YES;
				IPHONEOS_DEPLOYMENT_TARGET = 17.0;
				LOCALIZATION_PREFERS_STRING_CATALOGS = YES;
				MTL_ENABLE_DEBUG_INFO = NO;
				MTL_FAST_MATH = YES;
				SDKROOT = iphoneos;
				SWIFT_COMPILATION_MODE = wholemodule;
				VALIDATE_PRODUCT = YES;
			};
			name = Release;
		};
		92BE0D712B2BFCF300CA50A8 /* Debug */ = {
			isa = XCBuildConfiguration;
			buildSettings = {
				ASSETCATALOG_COMPILER_APPICON_NAME = AppIcon;
				ASSETCATALOG_COMPILER_GLOBAL_ACCENT_COLOR_NAME = AccentColor;
				CODE_SIGN_STYLE = Automatic;
				CURRENT_PROJECT_VERSION = 1;
				DEVELOPMENT_ASSET_PATHS = "\"LogmealApp/Preview Content\"";
				DEVELOPMENT_TEAM = N8CX38UQC4;
				ENABLE_PREVIEWS = YES;
				GENERATE_INFOPLIST_FILE = YES;
				INFOPLIST_FILE = "Gohan-Navigation-ver-1-Info.plist";
				INFOPLIST_KEY_CFBundleDisplayName = "ろぐみいる";
				INFOPLIST_KEY_LSApplicationCategoryType = "";
				INFOPLIST_KEY_NSCameraUsageDescription = "Use for Scanning QRcode and taking pictuers";
				INFOPLIST_KEY_UIApplicationSceneManifest_Generation = YES;
				INFOPLIST_KEY_UIApplicationSupportsIndirectInputEvents = YES;
				INFOPLIST_KEY_UILaunchScreen_Generation = YES;
				INFOPLIST_KEY_UIRequiresFullScreen = YES;
				INFOPLIST_KEY_UIStatusBarHidden = NO;
				INFOPLIST_KEY_UISupportedInterfaceOrientations_iPad = "UIInterfaceOrientationLandscapeLeft UIInterfaceOrientationLandscapeRight";
				INFOPLIST_KEY_UIUserInterfaceStyle = Light;
				LD_RUNPATH_SEARCH_PATHS = (
					"$(inherited)",
					"@executable_path/Frameworks",
				);
				MARKETING_VERSION = 1.0.6;
				PRODUCT_BUNDLE_IDENTIFIER = "com.kotaYamaguchi.Gohan-Navigation-ver-1";
				PRODUCT_NAME = "$(TARGET_NAME)";
				SUPPORTED_PLATFORMS = "iphoneos iphonesimulator";
				SUPPORTS_MACCATALYST = NO;
				SUPPORTS_XR_DESIGNED_FOR_IPHONE_IPAD = NO;
				SWIFT_EMIT_LOC_STRINGS = YES;
				SWIFT_VERSION = 5.0;
				TARGETED_DEVICE_FAMILY = 2;
			};
			name = Debug;
		};
		92BE0D722B2BFCF300CA50A8 /* Release */ = {
			isa = XCBuildConfiguration;
			buildSettings = {
				ASSETCATALOG_COMPILER_APPICON_NAME = AppIcon;
				ASSETCATALOG_COMPILER_GLOBAL_ACCENT_COLOR_NAME = AccentColor;
				CODE_SIGN_STYLE = Automatic;
				CURRENT_PROJECT_VERSION = 1;
				DEVELOPMENT_ASSET_PATHS = "\"LogmealApp/Preview Content\"";
				DEVELOPMENT_TEAM = N8CX38UQC4;
				ENABLE_PREVIEWS = YES;
				GENERATE_INFOPLIST_FILE = YES;
				INFOPLIST_FILE = "Gohan-Navigation-ver-1-Info.plist";
				INFOPLIST_KEY_CFBundleDisplayName = "ろぐみいる";
				INFOPLIST_KEY_LSApplicationCategoryType = "";
				INFOPLIST_KEY_NSCameraUsageDescription = "Use for Scanning QRcode and taking pictuers";
				INFOPLIST_KEY_UIApplicationSceneManifest_Generation = YES;
				INFOPLIST_KEY_UIApplicationSupportsIndirectInputEvents = YES;
				INFOPLIST_KEY_UILaunchScreen_Generation = YES;
				INFOPLIST_KEY_UIRequiresFullScreen = YES;
				INFOPLIST_KEY_UIStatusBarHidden = NO;
				INFOPLIST_KEY_UISupportedInterfaceOrientations_iPad = "UIInterfaceOrientationLandscapeLeft UIInterfaceOrientationLandscapeRight";
				INFOPLIST_KEY_UIUserInterfaceStyle = Light;
				LD_RUNPATH_SEARCH_PATHS = (
					"$(inherited)",
					"@executable_path/Frameworks",
				);
				MARKETING_VERSION = 1.0.6;
				PRODUCT_BUNDLE_IDENTIFIER = "com.kotaYamaguchi.Gohan-Navigation-ver-1";
				PRODUCT_NAME = "$(TARGET_NAME)";
				SUPPORTED_PLATFORMS = "iphoneos iphonesimulator";
				SUPPORTS_MACCATALYST = NO;
				SUPPORTS_XR_DESIGNED_FOR_IPHONE_IPAD = NO;
				SWIFT_EMIT_LOC_STRINGS = YES;
				SWIFT_VERSION = 5.0;
				TARGETED_DEVICE_FAMILY = 2;
			};
			name = Release;
		};
/* End XCBuildConfiguration section */

/* Begin XCConfigurationList section */
		92BE0D5D2B2BFCF200CA50A8 /* Build configuration list for PBXProject "LogmealApp" */ = {
			isa = XCConfigurationList;
			buildConfigurations = (
				92BE0D6E2B2BFCF300CA50A8 /* Debug */,
				92BE0D6F2B2BFCF300CA50A8 /* Release */,
			);
			defaultConfigurationIsVisible = 0;
			defaultConfigurationName = Release;
		};
		92BE0D702B2BFCF300CA50A8 /* Build configuration list for PBXNativeTarget "LogmealApp" */ = {
			isa = XCConfigurationList;
			buildConfigurations = (
				92BE0D712B2BFCF300CA50A8 /* Debug */,
				92BE0D722B2BFCF300CA50A8 /* Release */,
			);
			defaultConfigurationIsVisible = 0;
			defaultConfigurationName = Release;
		};
/* End XCConfigurationList section */

/* Begin XCRemoteSwiftPackageReference section */
		927DD5632D3F76C0005296EE /* XCRemoteSwiftPackageReference "SwiftyGif" */ = {
			isa = XCRemoteSwiftPackageReference;
			repositoryURL = "https://github.com/alexiscreuzot/SwiftyGif";
			requirement = {
				kind = upToNextMajorVersion;
				minimumVersion = 5.4.5;
			};
		};
		927DD5682D3F76D9005296EE /* XCRemoteSwiftPackageReference "CodeScanner" */ = {
			isa = XCRemoteSwiftPackageReference;
			repositoryURL = "https://github.com/twostraws/CodeScanner.git";
			requirement = {
				kind = upToNextMajorVersion;
				minimumVersion = 2.5.2;
			};
		};
		927DD56B2D3F76FA005296EE /* XCRemoteSwiftPackageReference "ConfettiSwiftUI" */ = {
			isa = XCRemoteSwiftPackageReference;
			repositoryURL = "https://github.com/simibac/ConfettiSwiftUI";
			requirement = {
				kind = upToNextMajorVersion;
				minimumVersion = 2.0.1;
			};
		};
/* End XCRemoteSwiftPackageReference section */

/* Begin XCSwiftPackageProductDependency section */
		927DD5642D3F76C0005296EE /* SwiftyGif */ = {
			isa = XCSwiftPackageProductDependency;
			package = 927DD5632D3F76C0005296EE /* XCRemoteSwiftPackageReference "SwiftyGif" */;
			productName = SwiftyGif;
		};
		927DD5692D3F76D9005296EE /* CodeScanner */ = {
			isa = XCSwiftPackageProductDependency;
			package = 927DD5682D3F76D9005296EE /* XCRemoteSwiftPackageReference "CodeScanner" */;
			productName = CodeScanner;
		};
		927DD56C2D3F76FA005296EE /* ConfettiSwiftUI */ = {
			isa = XCSwiftPackageProductDependency;
			package = 927DD56B2D3F76FA005296EE /* XCRemoteSwiftPackageReference "ConfettiSwiftUI" */;
			productName = ConfettiSwiftUI;
		};
/* End XCSwiftPackageProductDependency section */
	};
	rootObject = 92BE0D5A2B2BFCF200CA50A8 /* Project object */;
}
